
Microsoft Visual Studio Solution File, Format Version 12.00
# Visual Studio 2013
VisualStudioVersion = 12.0.21005.1
MinimumVisualStudioVersion = 10.0.40219.1
Project("{FAE04EC0-301F-11D3-BF4B-00C04F79EFBC}") = "无磁水表操控器2", "无磁水表操控器2\无磁水表操控器2.csproj", "{DC0867D9-2791-41F3-A8FA-9EECAD7B4D04}"
EndProject
Global
	GlobalSection(SolutionConfigurationPlatforms) = preSolution
		Debug|Any CPU = Debug|Any CPU
		Release|Any CPU = Release|Any CPU
	EndGlobalSection
	GlobalSection(ProjectConfigurationPlatforms) = postSolution
		{DC0867D9-2791-41F3-A8FA-9EECAD7B4D04}.Debug|Any CPU.ActiveCfg = Debug|Any CPU
		{DC0867D9-2791-41F3-A8FA-9EECAD7B4D04}.Debug|Any CPU.Build.0 = Debug|Any CPU
		{DC0867D9-2791-41F3-A8FA-9EECAD7B4D04}.Release|Any CPU.ActiveCfg = Release|Any CPU
		{DC0867D9-2791-41F3-A8FA-9EECAD7B4D04}.Release|Any CPU.Build.0 = Release|Any CPU
	EndGlobalSection
	GlobalSection(SolutionProperties) = preSolution
		HideSolutionNode = FALSE
	EndGlobalSection
EndGlobal
